
Microsoft Visual Studio Solution File, Format Version 12.00
# Visual Studio 15
VisualStudioVersion = 15.0.26730.12
MinimumVisualStudioVersion = 10.0.40219.1
Project("{FAE04EC0-301F-11D3-BF4B-00C04F79EFBC}") = "LinkedListMiddle", "LinkedListMiddle\LinkedListMiddle.csproj", "{41649D1B-B97D-402D-A863-7EEBC646881F}"
EndProject
Global
	GlobalSection(SolutionConfigurationPlatforms) = preSolution
		Debug|Any CPU = Debug|Any CPU
		Release|Any CPU = Release|Any CPU
	EndGlobalSection
	GlobalSection(ProjectConfigurationPlatforms) = postSolution
		{41649D1B-B97D-402D-A863-7EEBC646881F}.Debug|Any CPU.ActiveCfg = Debug|Any CPU
		{41649D1B-B97D-402D-A863-7EEBC646881F}.Debug|Any CPU.Build.0 = Debug|Any CPU
		{41649D1B-B97D-402D-A863-7EEBC646881F}.Release|Any CPU.ActiveCfg = Release|Any CPU
		{41649D1B-B97D-402D-A863-7EEBC646881F}.Release|Any CPU.Build.0 = Release|Any CPU
	EndGlobalSection
	GlobalSection(SolutionProperties) = preSolution
		HideSolutionNode = FALSE
	EndGlobalSection
	GlobalSection(ExtensibilityGlobals) = postSolution
		SolutionGuid = {EE351B04-8F16-40B5-BB33-40D0B038E977}
	EndGlobalSection
EndGlobal
