
Microsoft Visual Studio Solution File, Format Version 12.00
# Visual Studio 15
VisualStudioVersion = 15.0.26730.12
MinimumVisualStudioVersion = 10.0.40219.1
Project("{FAE04EC0-301F-11D3-BF4B-00C04F79EFBC}") = "Matrix", "Matrix\Matrix.csproj", "{CE960A89-B9E3-4D59-9AC3-2A3567951A6A}"
EndProject
Global
	GlobalSection(SolutionConfigurationPlatforms) = preSolution
		Debug|Any CPU = Debug|Any CPU
		Release|Any CPU = Release|Any CPU
	EndGlobalSection
	GlobalSection(ProjectConfigurationPlatforms) = postSolution
		{CE960A89-B9E3-4D59-9AC3-2A3567951A6A}.Debug|Any CPU.ActiveCfg = Debug|Any CPU
		{CE960A89-B9E3-4D59-9AC3-2A3567951A6A}.Debug|Any CPU.Build.0 = Debug|Any CPU
		{CE960A89-B9E3-4D59-9AC3-2A3567951A6A}.Release|Any CPU.ActiveCfg = Release|Any CPU
		{CE960A89-B9E3-4D59-9AC3-2A3567951A6A}.Release|Any CPU.Build.0 = Release|Any CPU
	EndGlobalSection
	GlobalSection(SolutionProperties) = preSolution
		HideSolutionNode = FALSE
	EndGlobalSection
	GlobalSection(ExtensibilityGlobals) = postSolution
		SolutionGuid = {D772AAD0-11FB-4F7C-B66C-D0FC65994619}
	EndGlobalSection
EndGlobal
