
Microsoft Visual Studio Solution File, Format Version 12.00
# Visual Studio 15
VisualStudioVersion = 15.0.26730.12
MinimumVisualStudioVersion = 10.0.40219.1
Project("{FAE04EC0-301F-11D3-BF4B-00C04F79EFBC}") = "MergeSort", "MergeSort\MergeSort.csproj", "{FB85C4BD-07CA-41ED-9820-687954146F63}"
EndProject
Global
	GlobalSection(SolutionConfigurationPlatforms) = preSolution
		Debug|Any CPU = Debug|Any CPU
		Release|Any CPU = Release|Any CPU
	EndGlobalSection
	GlobalSection(ProjectConfigurationPlatforms) = postSolution
		{FB85C4BD-07CA-41ED-9820-687954146F63}.Debug|Any CPU.ActiveCfg = Debug|Any CPU
		{FB85C4BD-07CA-41ED-9820-687954146F63}.Debug|Any CPU.Build.0 = Debug|Any CPU
		{FB85C4BD-07CA-41ED-9820-687954146F63}.Release|Any CPU.ActiveCfg = Release|Any CPU
		{FB85C4BD-07CA-41ED-9820-687954146F63}.Release|Any CPU.Build.0 = Release|Any CPU
	EndGlobalSection
	GlobalSection(SolutionProperties) = preSolution
		HideSolutionNode = FALSE
	EndGlobalSection
	GlobalSection(ExtensibilityGlobals) = postSolution
		SolutionGuid = {18676D29-506B-49BA-91B4-2C11C49C5193}
	EndGlobalSection
EndGlobal
